
Microsoft Visual Studio Solution File, Format Version 12.00
# Visual Studio Version 16
VisualStudioVersion = 16.0.30621.155
MinimumVisualStudioVersion = 10.0.40219.1
Project("{9A19103F-16F7-4668-BE54-9A1E7A4F7556}") = "BalanceYourIO", "BalanceYourIO\BalanceYourIO\BalanceYourIO.csproj", "{8EA0ABFD-2C82-4757-8B9E-843831CE7264}"
EndProject
Project("{FAE04EC0-301F-11D3-BF4B-00C04F79EFBC}") = "BalanceYourIO.Android", "BalanceYourIO\BalanceYourIO.Android\BalanceYourIO.Android.csproj", "{C3B226BC-2857-4730-A49B-D6530AB7217A}"
EndProject
Project("{FAE04EC0-301F-11D3-BF4B-00C04F79EFBC}") = "BalanceYourIO.iOS", "BalanceYourIO\BalanceYourIO.iOS\BalanceYourIO.iOS.csproj", "{6D7CB05D-8544-4917-B63B-4FA077566BF8}"
EndProject
Global
	GlobalSection(SolutionConfigurationPlatforms) = preSolution
		Ad-Hoc|Any CPU = Ad-Hoc|Any CPU
		Ad-Hoc|iPhone = Ad-Hoc|iPhone
		Ad-Hoc|iPhoneSimulator = Ad-Hoc|iPhoneSimulator
		AppStore|Any CPU = AppStore|Any CPU
		AppStore|iPhone = AppStore|iPhone
		AppStore|iPhoneSimulator = AppStore|iPhoneSimulator
		Debug|Any CPU = Debug|Any CPU
		Debug|iPhone = Debug|iPhone
		Debug|iPhoneSimulator = Debug|iPhoneSimulator
		Release|Any CPU = Release|Any CPU
		Release|iPhone = Release|iPhone
		Release|iPhoneSimulator = Release|iPhoneSimulator
	EndGlobalSection
	GlobalSection(ProjectConfigurationPlatforms) = postSolution
		{8EA0ABFD-2C82-4757-8B9E-843831CE7264}.Ad-Hoc|Any CPU.ActiveCfg = Release|Any CPU
		{8EA0ABFD-2C82-4757-8B9E-843831CE7264}.Ad-Hoc|Any CPU.Build.0 = Release|Any CPU
		{8EA0ABFD-2C82-4757-8B9E-843831CE7264}.Ad-Hoc|iPhone.ActiveCfg = Debug|Any CPU
		{8EA0ABFD-2C82-4757-8B9E-843831CE7264}.Ad-Hoc|iPhone.Build.0 = Debug|Any CPU
		{8EA0ABFD-2C82-4757-8B9E-843831CE7264}.Ad-Hoc|iPhoneSimulator.ActiveCfg = Release|Any CPU
		{8EA0ABFD-2C82-4757-8B9E-843831CE7264}.Ad-Hoc|iPhoneSimulator.Build.0 = Release|Any CPU
		{8EA0ABFD-2C82-4757-8B9E-843831CE7264}.AppStore|Any CPU.ActiveCfg = Release|Any CPU
		{8EA0ABFD-2C82-4757-8B9E-843831CE7264}.AppStore|Any CPU.Build.0 = Release|Any CPU
		{8EA0ABFD-2C82-4757-8B9E-843831CE7264}.AppStore|iPhone.ActiveCfg = Debug|Any CPU
		{8EA0ABFD-2C82-4757-8B9E-843831CE7264}.AppStore|iPhone.Build.0 = Debug|Any CPU
		{8EA0ABFD-2C82-4757-8B9E-843831CE7264}.AppStore|iPhoneSimulator.ActiveCfg = Release|Any CPU
		{8EA0ABFD-2C82-4757-8B9E-843831CE7264}.AppStore|iPhoneSimulator.Build.0 = Release|Any CPU
		{8EA0ABFD-2C82-4757-8B9E-843831CE7264}.Debug|Any CPU.ActiveCfg = Debug|Any CPU
		{8EA0ABFD-2C82-4757-8B9E-843831CE7264}.Debug|Any CPU.Build.0 = Debug|Any CPU
		{8EA0ABFD-2C82-4757-8B9E-843831CE7264}.Debug|iPhone.ActiveCfg = Debug|Any CPU
		{8EA0ABFD-2C82-4757-8B9E-843831CE7264}.Debug|iPhone.Build.0 = Debug|Any CPU
		{8EA0ABFD-2C82-4757-8B9E-843831CE7264}.Debug|iPhoneSimulator.ActiveCfg = Debug|Any CPU
		{8EA0ABFD-2C82-4757-8B9E-843831CE7264}.Debug|iPhoneSimulator.Build.0 = Debug|Any CPU
		{8EA0ABFD-2C82-4757-8B9E-843831CE7264}.Release|Any CPU.ActiveCfg = Release|Any CPU
		{8EA0ABFD-2C82-4757-8B9E-843831CE7264}.Release|Any CPU.Build.0 = Release|Any CPU
		{8EA0ABFD-2C82-4757-8B9E-843831CE7264}.Release|iPhone.ActiveCfg = Release|Any CPU
		{8EA0ABFD-2C82-4757-8B9E-843831CE7264}.Release|iPhone.Build.0 = Release|Any CPU
		{8EA0ABFD-2C82-4757-8B9E-843831CE7264}.Release|iPhoneSimulator.ActiveCfg = Release|Any CPU
		{8EA0ABFD-2C82-4757-8B9E-843831CE7264}.Release|iPhoneSimulator.Build.0 = Release|Any CPU
		{C3B226BC-2857-4730-A49B-D6530AB7217A}.Ad-Hoc|Any CPU.ActiveCfg = Release|Any CPU
		{C3B226BC-2857-4730-A49B-D6530AB7217A}.Ad-Hoc|Any CPU.Build.0 = Release|Any CPU
		{C3B226BC-2857-4730-A49B-D6530AB7217A}.Ad-Hoc|Any CPU.Deploy.0 = Release|Any CPU
		{C3B226BC-2857-4730-A49B-D6530AB7217A}.Ad-Hoc|iPhone.ActiveCfg = Debug|Any CPU
		{C3B226BC-2857-4730-A49B-D6530AB7217A}.Ad-Hoc|iPhone.Build.0 = Debug|Any CPU
		{C3B226BC-2857-4730-A49B-D6530AB7217A}.Ad-Hoc|iPhone.Deploy.0 = Debug|Any CPU
		{C3B226BC-2857-4730-A49B-D6530AB7217A}.Ad-Hoc|iPhoneSimulator.ActiveCfg = Release|Any CPU
		{C3B226BC-2857-4730-A49B-D6530AB7217A}.Ad-Hoc|iPhoneSimulator.Build.0 = Release|Any CPU
		{C3B226BC-2857-4730-A49B-D6530AB7217A}.Ad-Hoc|iPhoneSimulator.Deploy.0 = Release|Any CPU
		{C3B226BC-2857-4730-A49B-D6530AB7217A}.AppStore|Any CPU.ActiveCfg = Release|Any CPU
		{C3B226BC-2857-4730-A49B-D6530AB7217A}.AppStore|Any CPU.Build.0 = Release|Any CPU
		{C3B226BC-2857-4730-A49B-D6530AB7217A}.AppStore|Any CPU.Deploy.0 = Release|Any CPU
		{C3B226BC-2857-4730-A49B-D6530AB7217A}.AppStore|iPhone.ActiveCfg = Debug|Any CPU
		{C3B226BC-2857-4730-A49B-D6530AB7217A}.AppStore|iPhone.Build.0 = Debug|Any CPU
		{C3B226BC-2857-4730-A49B-D6530AB7217A}.AppStore|iPhone.Deploy.0 = Debug|Any CPU
		{C3B226BC-2857-4730-A49B-D6530AB7217A}.AppStore|iPhoneSimulator.ActiveCfg = Release|Any CPU
		{C3B226BC-2857-4730-A49B-D6530AB7217A}.AppStore|iPhoneSimulator.Build.0 = Release|Any CPU
		{C3B226BC-2857-4730-A49B-D6530AB7217A}.AppStore|iPhoneSimulator.Deploy.0 = Release|Any CPU
		{C3B226BC-2857-4730-A49B-D6530AB7217A}.Debug|Any CPU.ActiveCfg = Debug|Any CPU
		{C3B226BC-2857-4730-A49B-D6530AB7217A}.Debug|Any CPU.Build.0 = Debug|Any CPU
		{C3B226BC-2857-4730-A49B-D6530AB7217A}.Debug|Any CPU.Deploy.0 = Debug|Any CPU
		{C3B226BC-2857-4730-A49B-D6530AB7217A}.Debug|iPhone.ActiveCfg = Debug|Any CPU
		{C3B226BC-2857-4730-A49B-D6530AB7217A}.Debug|iPhone.Build.0 = Debug|Any CPU
		{C3B226BC-2857-4730-A49B-D6530AB7217A}.Debug|iPhone.Deploy.0 = Debug|Any CPU
		{C3B226BC-2857-4730-A49B-D6530AB7217A}.Debug|iPhoneSimulator.ActiveCfg = Debug|Any CPU
		{C3B226BC-2857-4730-A49B-D6530AB7217A}.Debug|iPhoneSimulator.Build.0 = Debug|Any CPU
		{C3B226BC-2857-4730-A49B-D6530AB7217A}.Debug|iPhoneSimulator.Deploy.0 = Debug|Any CPU
		{C3B226BC-2857-4730-A49B-D6530AB7217A}.Release|Any CPU.ActiveCfg = Release|Any CPU
		{C3B226BC-2857-4730-A49B-D6530AB7217A}.Release|Any CPU.Build.0 = Release|Any CPU
		{C3B226BC-2857-4730-A49B-D6530AB7217A}.Release|Any CPU.Deploy.0 = Release|Any CPU
		{C3B226BC-2857-4730-A49B-D6530AB7217A}.Release|iPhone.ActiveCfg = Release|Any CPU
		{C3B226BC-2857-4730-A49B-D6530AB7217A}.Release|iPhone.Build.0 = Release|Any CPU
		{C3B226BC-2857-4730-A49B-D6530AB7217A}.Release|iPhone.Deploy.0 = Release|Any CPU
		{C3B226BC-2857-4730-A49B-D6530AB7217A}.Release|iPhoneSimulator.ActiveCfg = Release|Any CPU
		{C3B226BC-2857-4730-A49B-D6530AB7217A}.Release|iPhoneSimulator.Build.0 = Release|Any CPU
		{C3B226BC-2857-4730-A49B-D6530AB7217A}.Release|iPhoneSimulator.Deploy.0 = Release|Any CPU
		{6D7CB05D-8544-4917-B63B-4FA077566BF8}.Ad-Hoc|Any CPU.ActiveCfg = Ad-Hoc|iPhoneSimulator
		{6D7CB05D-8544-4917-B63B-4FA077566BF8}.Ad-Hoc|iPhone.ActiveCfg = Ad-Hoc|iPhone
		{6D7CB05D-8544-4917-B63B-4FA077566BF8}.Ad-Hoc|iPhone.Build.0 = Ad-Hoc|iPhone
		{6D7CB05D-8544-4917-B63B-4FA077566BF8}.Ad-Hoc|iPhone.Deploy.0 = Ad-Hoc|iPhone
		{6D7CB05D-8544-4917-B63B-4FA077566BF8}.Ad-Hoc|iPhoneSimulator.ActiveCfg = Ad-Hoc|iPhoneSimulator
		{6D7CB05D-8544-4917-B63B-4FA077566BF8}.Ad-Hoc|iPhoneSimulator.Build.0 = Ad-Hoc|iPhoneSimulator
		{6D7CB05D-8544-4917-B63B-4FA077566BF8}.AppStore|Any CPU.ActiveCfg = AppStore|iPhoneSimulator
		{6D7CB05D-8544-4917-B63B-4FA077566BF8}.AppStore|iPhone.ActiveCfg = AppStore|iPhone
		{6D7CB05D-8544-4917-B63B-4FA077566BF8}.AppStore|iPhone.Build.0 = AppStore|iPhone
		{6D7CB05D-8544-4917-B63B-4FA077566BF8}.AppStore|iPhone.Deploy.0 = AppStore|iPhone
		{6D7CB05D-8544-4917-B63B-4FA077566BF8}.AppStore|iPhoneSimulator.ActiveCfg = AppStore|iPhoneSimulator
		{6D7CB05D-8544-4917-B63B-4FA077566BF8}.AppStore|iPhoneSimulator.Build.0 = AppStore|iPhoneSimulator
		{6D7CB05D-8544-4917-B63B-4FA077566BF8}.Debug|Any CPU.ActiveCfg = Debug|iPhoneSimulator
		{6D7CB05D-8544-4917-B63B-4FA077566BF8}.Debug|Any CPU.Build.0 = Debug|iPhoneSimulator
		{6D7CB05D-8544-4917-B63B-4FA077566BF8}.Debug|Any CPU.Deploy.0 = Debug|iPhoneSimulator
		{6D7CB05D-8544-4917-B63B-4FA077566BF8}.Debug|iPhone.ActiveCfg = Debug|iPhone
		{6D7CB05D-8544-4917-B63B-4FA077566BF8}.Debug|iPhone.Build.0 = Debug|iPhone
		{6D7CB05D-8544-4917-B63B-4FA077566BF8}.Debug|iPhone.Deploy.0 = Debug|iPhone
		{6D7CB05D-8544-4917-B63B-4FA077566BF8}.Debug|iPhoneSimulator.ActiveCfg = Debug|iPhoneSimulator
		{6D7CB05D-8544-4917-B63B-4FA077566BF8}.Debug|iPhoneSimulator.Build.0 = Debug|iPhoneSimulator
		{6D7CB05D-8544-4917-B63B-4FA077566BF8}.Debug|iPhoneSimulator.Deploy.0 = Debug|iPhoneSimulator
		{6D7CB05D-8544-4917-B63B-4FA077566BF8}.Release|Any CPU.ActiveCfg = Release|iPhoneSimulator
		{6D7CB05D-8544-4917-B63B-4FA077566BF8}.Release|Any CPU.Build.0 = Release|iPhoneSimulator
		{6D7CB05D-8544-4917-B63B-4FA077566BF8}.Release|Any CPU.Deploy.0 = Release|iPhoneSimulator
		{6D7CB05D-8544-4917-B63B-4FA077566BF8}.Release|iPhone.ActiveCfg = Release|iPhone
		{6D7CB05D-8544-4917-B63B-4FA077566BF8}.Release|iPhone.Build.0 = Release|iPhone
		{6D7CB05D-8544-4917-B63B-4FA077566BF8}.Release|iPhone.Deploy.0 = Release|iPhone
		{6D7CB05D-8544-4917-B63B-4FA077566BF8}.Release|iPhoneSimulator.ActiveCfg = Release|iPhoneSimulator
		{6D7CB05D-8544-4917-B63B-4FA077566BF8}.Release|iPhoneSimulator.Build.0 = Release|iPhoneSimulator
		{6D7CB05D-8544-4917-B63B-4FA077566BF8}.Release|iPhoneSimulator.Deploy.0 = Release|iPhoneSimulator
	EndGlobalSection
	GlobalSection(SolutionProperties) = preSolution
		HideSolutionNode = FALSE
	EndGlobalSection
	GlobalSection(ExtensibilityGlobals) = postSolution
		SolutionGuid = {C2974C4A-EB4B-4958-A186-737E8032D322}
	EndGlobalSection
EndGlobal
